{
  "name": "skylark-darkroomjs",
  "version": "0.9.0",
  "lockfileVersion": 1,
  "requires": true,
  "dependencies": {
    "skylark-bootstrap3": {
      "version": "git+https://github.com/skylarkui/skylark-bootstrap3.git#97e264d247d1ab55d81f1380a934b147dcf8f6b9",
      "from": "git+https://github.com/skylarkui/skylark-bootstrap3.git#master",
      "requires": {
        "skylark-langx": "git+https://github.com/skylarklangx/skylark-langx.git#master",
        "skylark-utils-dom": "git+https://github.com/skylarkutils/skylark-utils-dom.git#master"
      }
    },
    "skylark-data-collection": {
      "version": "git+https://github.com/skylark-data/skylark-data-collection.git#b3364d3b68ee0ca4d5a2c536f9662b1f50359253",
      "from": "git+https://github.com/skylark-data/skylark-data-collection.git#master"
    },
    "skylark-graphics-canvas2d": {
      "version": "git+https://github.com/skylark-graphics/skylark-graphics-canvas2d.git#0e87e1fd8d17925183bba3bf3ad0174393620ead",
      "from": "git+https://github.com/skylark-graphics/skylark-graphics-canvas2d.git#master",
      "requires": {
        "skylark-langx": "git+https://github.com/skylarklangx/skylark-langx.git#master"
      }
    },
    "skylark-langx": {
      "version": "git+https://github.com/skylarklangx/skylark-langx.git#4b576c15b87191f2a28b6ae8f0fde1099889cb5a",
      "from": "git+https://github.com/skylarklangx/skylark-langx.git#master"
    },
    "skylark-storages-diskfs": {
      "version": "git+https://github.com/skylark-storages/skylark-storages-diskfs.git#f2ecc44c33c24660a59c03fd8882a59527e0332f",
      "from": "git+https://github.com/skylark-storages/skylark-storages-diskfs.git#master"
    },
    "skylark-ui-swt": {
      "version": "git+https://github.com/skylarkui/skylark-ui-swt.git#6b0be1cd67b38f01c458364ac5b9857362d7493b",
      "from": "git+https://github.com/skylarkui/skylark-ui-swt.git#master",
      "requires": {
        "skylark-bootstrap3": "git+https://github.com/skylarkui/skylark-bootstrap3.git#master",
        "skylark-data-collection": "git+https://github.com/skylark-data/skylark-data-collection.git#master",
        "skylark-langx": "git+https://github.com/skylarklangx/skylark-langx.git#master",
        "skylark-storages-diskfs": "git+https://github.com/skylark-storages/skylark-storages-diskfs.git#master",
        "skylark-utils-dom": "git+https://github.com/skylarkutils/skylark-utils-dom.git#master"
      },
      "dependencies": {
        "skylark-langx": {
          "version": "git+https://github.com/skylarklangx/skylark-langx.git#70bb3f991c2041ae17259ff3469222897d834ab8",
          "from": "git+https://github.com/skylarklangx/skylark-langx.git#master"
        },
        "skylark-utils-collection": {
          "version": "git+https://github.com/skylarkutils/skylark-utils-collection.git#2d6e7857276c0354faa07de2a70155b9237608c9",
          "from": "git+https://github.com/skylarkutils/skylark-utils-collection.git#2d6e7857276c0354faa07de2a70155b9237608c9"
        },
        "skylark-utils-dom": {
          "version": "git+https://github.com/skylarkutils/skylark-utils-dom.git#bd2203332ee5f028f96596c8466c3305da05263d",
          "from": "git+https://github.com/skylarkutils/skylark-utils-dom.git#master",
          "requires": {
            "skylark-langx": "git+https://github.com/skylarklangx/skylark-langx.git#master"
          }
        }
      }
    },
    "skylark-utils-dom": {
      "version": "git+https://github.com/skylarkutils/skylark-utils-dom.git#bd2203332ee5f028f96596c8466c3305da05263d",
      "from": "git+https://github.com/skylarkutils/skylark-utils-dom.git#master",
      "requires": {
        "skylark-langx": "git+https://github.com/skylarklangx/skylark-langx.git#master"
      }
    }
  }
}
